{
  "name": "@yg0r2/ui-core-example",
  "version": "0.0.0",
  "lockfileVersion": 2,
  "requires": true,
  "packages": {
    "": {
      "name": "@yg0r2/ui-core-example",
      "version": "0.0.0",
      "dependencies": {
        "@yg0r2/ui-core": "file:.."
      }
    },
    "..": {
      "version": "1.0.0",
      "license": "MIT",
      "dependencies": {
        "react": "^17.0.1",
        "react-dom": "^17.0.1",
        "react-scripts": "^4.0.3"
      },
      "devDependencies": {
        "@babel/plugin-proposal-export-default-from": "^7.12.13",
        "microbundle-crl": "^0.13.11",
        "npm-run-all": "^4.1.5"
      },
      "engines": {
        "node": ">=10"
      },
      "peerDependencies": {
        "react": "^17.0.1"
      }
    },
    "node_modules/@yg0r2/ui-core": {
      "resolved": "..",
      "link": true
    }
  },
  "dependencies": {
    "@yg0r2/ui-core": {
      "version": "file:..",
      "requires": {
        "@babel/plugin-proposal-export-default-from": "^7.12.13",
        "microbundle-crl": "^0.13.11",
        "npm-run-all": "^4.1.5",
        "react": "^17.0.1",
        "react-dom": "^17.0.1",
        "react-scripts": "^4.0.3"
      }
    }
  }
}
